
Microsoft Visual Studio Solution File, Format Version 12.00
# Visual Studio Version 17
VisualStudioVersion = 17.8.34322.80
MinimumVisualStudioVersion = 10.0.40219.1
Project("{9A19103F-16F7-4668-BE54-9A1E7A4F7556}") = "BrainComputer", "BrainComputer.csproj", "{8C944CA1-AC1D-4821-93D1-B0CB154C46E1}"
EndProject
Project("{9A19103F-16F7-4668-BE54-9A1E7A4F7556}") = "NeuroInterfaces", "..\NeuroInterfaces\NeuroInterfaces.csproj", "{5C639A5F-2822-48B5-B5E8-D1F225925973}"
EndProject
Project("{2150E333-8FDC-42A3-9474-1A3956D46DE8}") = "Solution Items", "Solution Items", "{EFCD62D1-4F7B-4F74-AFCD-FC51BC0C2B47}"
	ProjectSection(SolutionItems) = preProject
		.editorconfig = .editorconfig
	EndProjectSection
EndProject
Project("{FAE04EC0-301F-11D3-BF4B-00C04F79EFBC}") = "ControlsUI", "..\ControlsUI\ControlsUI.csproj", "{6345A07F-2024-425B-8D29-89760FF8CCE9}"
EndProject
Project("{FAE04EC0-301F-11D3-BF4B-00C04F79EFBC}") = "SpikeDetectorRMS", "..\SpikeDetectorRMS\SpikeDetectorRMS.csproj", "{182EFCDA-650A-4487-9712-49044FC5AB64}"
EndProject
Project("{FAE04EC0-301F-11D3-BF4B-00C04F79EFBC}") = "SpikeDetectorEmphasizer", "..\SpikeDetectorEmphasizer\SpikeDetectorEmphasizer.csproj", "{1DB6A1FF-CDE9-4384-9C22-15CFCAD663F4}"
EndProject
Global
	GlobalSection(SolutionConfigurationPlatforms) = preSolution
		Debug|Any CPU = Debug|Any CPU
		Release|Any CPU = Release|Any CPU
	EndGlobalSection
	GlobalSection(ProjectConfigurationPlatforms) = postSolution
		{8C944CA1-AC1D-4821-93D1-B0CB154C46E1}.Debug|Any CPU.ActiveCfg = Debug|Any CPU
		{8C944CA1-AC1D-4821-93D1-B0CB154C46E1}.Debug|Any CPU.Build.0 = Debug|Any CPU
		{8C944CA1-AC1D-4821-93D1-B0CB154C46E1}.Release|Any CPU.ActiveCfg = Release|Any CPU
		{8C944CA1-AC1D-4821-93D1-B0CB154C46E1}.Release|Any CPU.Build.0 = Release|Any CPU
		{5C639A5F-2822-48B5-B5E8-D1F225925973}.Debug|Any CPU.ActiveCfg = Debug|Any CPU
		{5C639A5F-2822-48B5-B5E8-D1F225925973}.Debug|Any CPU.Build.0 = Debug|Any CPU
		{5C639A5F-2822-48B5-B5E8-D1F225925973}.Release|Any CPU.ActiveCfg = Release|Any CPU
		{5C639A5F-2822-48B5-B5E8-D1F225925973}.Release|Any CPU.Build.0 = Release|Any CPU
		{6345A07F-2024-425B-8D29-89760FF8CCE9}.Debug|Any CPU.ActiveCfg = Debug|Any CPU
		{6345A07F-2024-425B-8D29-89760FF8CCE9}.Debug|Any CPU.Build.0 = Debug|Any CPU
		{6345A07F-2024-425B-8D29-89760FF8CCE9}.Release|Any CPU.ActiveCfg = Release|Any CPU
		{6345A07F-2024-425B-8D29-89760FF8CCE9}.Release|Any CPU.Build.0 = Release|Any CPU
		{182EFCDA-650A-4487-9712-49044FC5AB64}.Debug|Any CPU.ActiveCfg = Debug|Any CPU
		{182EFCDA-650A-4487-9712-49044FC5AB64}.Debug|Any CPU.Build.0 = Debug|Any CPU
		{182EFCDA-650A-4487-9712-49044FC5AB64}.Release|Any CPU.ActiveCfg = Release|Any CPU
		{182EFCDA-650A-4487-9712-49044FC5AB64}.Release|Any CPU.Build.0 = Release|Any CPU
		{1DB6A1FF-CDE9-4384-9C22-15CFCAD663F4}.Debug|Any CPU.ActiveCfg = Debug|Any CPU
		{1DB6A1FF-CDE9-4384-9C22-15CFCAD663F4}.Debug|Any CPU.Build.0 = Debug|Any CPU
		{1DB6A1FF-CDE9-4384-9C22-15CFCAD663F4}.Release|Any CPU.ActiveCfg = Release|Any CPU
		{1DB6A1FF-CDE9-4384-9C22-15CFCAD663F4}.Release|Any CPU.Build.0 = Release|Any CPU
	EndGlobalSection
	GlobalSection(SolutionProperties) = preSolution
		HideSolutionNode = FALSE
	EndGlobalSection
	GlobalSection(ExtensibilityGlobals) = postSolution
		SolutionGuid = {18C778F1-D44C-4592-94F3-27BC5A2FBC6D}
	EndGlobalSection
EndGlobal
